
Microsoft Visual Studio Solution File, Format Version 12.00
# Visual Studio 2013
VisualStudioVersion = 12.0.21005.1
MinimumVisualStudioVersion = 10.0.40219.1
Project("{FAE04EC0-301F-11D3-BF4B-00C04F79EFBC}") = "DynamicFluentAzure", "DynamicFluentAzure\DynamicFluentAzure.csproj", "{EA23D33E-2D49-4B08-BAF9-CF218E520B1D}"
EndProject
Project("{FAE04EC0-301F-11D3-BF4B-00C04F79EFBC}") = "DynamicFluentAzure.Tests", "DynamicFluentAzure.Tests\DynamicFluentAzure.Tests.csproj", "{CD9C19C9-3F87-4210-87D9-9F935F3B7E73}"
EndProject
Project("{2150E333-8FDC-42A3-9474-1A3956D46DE8}") = ".nuget", ".nuget", "{AF60EEDC-7919-4A34-873C-F35C270BDC1D}"
	ProjectSection(SolutionItems) = preProject
		.nuget\NuGet.Config = .nuget\NuGet.Config
		.nuget\NuGet.exe = .nuget\NuGet.exe
		.nuget\NuGet.targets = .nuget\NuGet.targets
	EndProjectSection
EndProject
Global
	GlobalSection(SolutionConfigurationPlatforms) = preSolution
		Debug|Any CPU = Debug|Any CPU
		Release|Any CPU = Release|Any CPU
	EndGlobalSection
	GlobalSection(ProjectConfigurationPlatforms) = postSolution
		{EA23D33E-2D49-4B08-BAF9-CF218E520B1D}.Debug|Any CPU.ActiveCfg = Debug|Any CPU
		{EA23D33E-2D49-4B08-BAF9-CF218E520B1D}.Debug|Any CPU.Build.0 = Debug|Any CPU
		{EA23D33E-2D49-4B08-BAF9-CF218E520B1D}.Release|Any CPU.ActiveCfg = Release|Any CPU
		{EA23D33E-2D49-4B08-BAF9-CF218E520B1D}.Release|Any CPU.Build.0 = Release|Any CPU
		{CD9C19C9-3F87-4210-87D9-9F935F3B7E73}.Debug|Any CPU.ActiveCfg = Debug|Any CPU
		{CD9C19C9-3F87-4210-87D9-9F935F3B7E73}.Debug|Any CPU.Build.0 = Debug|Any CPU
		{CD9C19C9-3F87-4210-87D9-9F935F3B7E73}.Release|Any CPU.ActiveCfg = Release|Any CPU
		{CD9C19C9-3F87-4210-87D9-9F935F3B7E73}.Release|Any CPU.Build.0 = Release|Any CPU
	EndGlobalSection
	GlobalSection(SolutionProperties) = preSolution
		HideSolutionNode = FALSE
	EndGlobalSection
EndGlobal
